Microsoft Visual Studio Solution File, Format Version 12.00
# Visual Studio Version 17
VisualStudioVersion = 17.5.2.0
MinimumVisualStudioVersion = 10.0.40219.1
Project("{FAE04EC0-301F-11D3-BF4B-00C04F79EFBC}") = "API DB PESCES em C# bonitona", "API DB PESCES em C# bonitona.csproj", "{E18C8B8A-B07C-A8BD-7572-C4C6162C2C5F}"
EndProject
Global
	GlobalSection(SolutionConfigurationPlatforms) = preSolution
		Debug|Any CPU = Debug|Any CPU
		Release|Any CPU = Release|Any CPU
	EndGlobalSection
	GlobalSection(ProjectConfigurationPlatforms) = postSolution
		{E18C8B8A-B07C-A8BD-7572-C4C6162C2C5F}.Debug|Any CPU.ActiveCfg = Debug|Any CPU
		{E18C8B8A-B07C-A8BD-7572-C4C6162C2C5F}.Debug|Any CPU.Build.0 = Debug|Any CPU
		{E18C8B8A-B07C-A8BD-7572-C4C6162C2C5F}.Release|Any CPU.ActiveCfg = Release|Any CPU
		{E18C8B8A-B07C-A8BD-7572-C4C6162C2C5F}.Release|Any CPU.Build.0 = Release|Any CPU
	EndGlobalSection
	GlobalSection(SolutionProperties) = preSolution
		HideSolutionNode = FALSE
	EndGlobalSection
	GlobalSection(ExtensibilityGlobals) = postSolution
		SolutionGuid = {7731F497-089C-4A78-821A-CCE86050EA9F}
	EndGlobalSection
EndGlobal
